// !$*UTF8*$!
{
	archiveVersion = 1;
	classes = {
	};
	objectVersion = 55;
	objects = {

/* Begin PBXBuildFile section */
		0B90910C961C70711948A2C6 /* Pods_TV_Shows.framework in Frameworks */ = {isa = PBXBuildFile; fileRef = 98302D4407039777628DF557 /* Pods_TV_Shows.framework */; };
		4214060E2888400F001543B0 /* HomeViewController.swift in Sources */ = {isa = PBXBuildFile; fileRef = 4214060D2888400F001543B0 /* HomeViewController.swift */; };
		421406102888401E001543B0 /* Home.storyboard in Resources */ = {isa = PBXBuildFile; fileRef = 4214060F2888401E001543B0 /* Home.storyboard */; };
		4223D87C2875F7BF0015CC24 /* AppDelegate.swift in Sources */ = {isa = PBXBuildFile; fileRef = 4223D87B2875F7BF0015CC24 /* AppDelegate.swift */; };
		4223D87E2875F7BF0015CC24 /* SceneDelegate.swift in Sources */ = {isa = PBXBuildFile; fileRef = 4223D87D2875F7BF0015CC24 /* SceneDelegate.swift */; };
		4223D8882875F7C30015CC24 /* LaunchScreen.storyboard in Resources */ = {isa = PBXBuildFile; fileRef = 4223D8862875F7C30015CC24 /* LaunchScreen.storyboard */; };
		422DCAA0288DE620001060A0 /* Show.swift in Sources */ = {isa = PBXBuildFile; fileRef = 422DCA9F288DE620001060A0 /* Show.swift */; };
		422DCAA2288E10C6001060A0 /* ShowTableViewCell.swift in Sources */ = {isa = PBXBuildFile; fileRef = 422DCAA1288E10C6001060A0 /* ShowTableViewCell.swift */; };
		42301C68288708110031A180 /* LoginViewController.swift in Sources */ = {isa = PBXBuildFile; fileRef = 42301C67288708110031A180 /* LoginViewController.swift */; };
		423C48E528913D14009CD72D /* Assets.xcassets in Resources */ = {isa = PBXBuildFile; fileRef = 423C48E428913D14009CD72D /* Assets.xcassets */; };
		423C48E728913EE3009CD72D /* ReviewDetailsTableViewCell.swift in Sources */ = {isa = PBXBuildFile; fileRef = 423C48E628913EE3009CD72D /* ReviewDetailsTableViewCell.swift */; };
		423C48E928914303009CD72D /* Review.swift in Sources */ = {isa = PBXBuildFile; fileRef = 423C48E828914303009CD72D /* Review.swift */; };
		4286C2D0288613DD0011D489 /* Login.storyboard in Resources */ = {isa = PBXBuildFile; fileRef = 4286C2CF288613DD0011D489 /* Login.storyboard */; };
		42C0E0DE2891CEAB0051CEA2 /* RatingView.swift in Sources */ = {isa = PBXBuildFile; fileRef = 42C0E0DD2891CEAB0051CEA2 /* RatingView.swift */; };
		42C0E0E12891E7800051CEA2 /* WriteReview.storyboard in Resources */ = {isa = PBXBuildFile; fileRef = 42C0E0E02891E7800051CEA2 /* WriteReview.storyboard */; };
		42C0E0E32891E7B00051CEA2 /* WriteReviewViewController.swift in Sources */ = {isa = PBXBuildFile; fileRef = 42C0E0E22891E7B00051CEA2 /* WriteReviewViewController.swift */; };
		42D5BE4F289057FB008F3FF5 /* ShowDetailsViewController.swift in Sources */ = {isa = PBXBuildFile; fileRef = 42D5BE4E289057FB008F3FF5 /* ShowDetailsViewController.swift */; };
		42D5BE5128905816008F3FF5 /* ShowDetails.storyboard in Resources */ = {isa = PBXBuildFile; fileRef = 42D5BE5028905816008F3FF5 /* ShowDetails.storyboard */; };
		42D5BE5528908FCC008F3FF5 /* ShowDetailsTableViewCell.swift in Sources */ = {isa = PBXBuildFile; fileRef = 42D5BE5428908FCC008F3FF5 /* ShowDetailsTableViewCell.swift */; };
		42E56141288D88270074E728 /* User.swift in Sources */ = {isa = PBXBuildFile; fileRef = 42E56140288D88270074E728 /* User.swift */; };
/* End PBXBuildFile section */

/* Begin PBXFileReference section */
		4214060D2888400F001543B0 /* HomeViewController.swift */ = {isa = PBXFileReference; lastKnownFileType = sourcecode.swift; path = HomeViewController.swift; sourceTree = "<group>"; };
		4214060F2888401E001543B0 /* Home.storyboard */ = {isa = PBXFileReference; lastKnownFileType = file.storyboard; path = Home.storyboard; sourceTree = "<group>"; };
		4223D8782875F7BF0015CC24 /* TV Shows.app */ = {isa = PBXFileReference; explicitFileType = wrapper.application; includeInIndex = 0; path = "TV Shows.app"; sourceTree = BUILT_PRODUCTS_DIR; };
		4223D87B2875F7BF0015CC24 /* AppDelegate.swift */ = {isa = PBXFileReference; lastKnownFileType = sourcecode.swift; path = AppDelegate.swift; sourceTree = "<group>"; };
		4223D87D2875F7BF0015CC24 /* SceneDelegate.swift */ = {isa = PBXFileReference; lastKnownFileType = sourcecode.swift; path = SceneDelegate.swift; sourceTree = "<group>"; };
		4223D8872875F7C30015CC24 /* Base */ = {isa = PBXFileReference; lastKnownFileType = file.storyboard; name = Base; path = Base.lproj/LaunchScreen.storyboard; sourceTree = "<group>"; };
		4223D8892875F7C30015CC24 /* Info.plist */ = {isa = PBXFileReference; lastKnownFileType = text.plist.xml; path = Info.plist; sourceTree = "<group>"; };
		422DCA9F288DE620001060A0 /* Show.swift */ = {isa = PBXFileReference; lastKnownFileType = sourcecode.swift; path = Show.swift; sourceTree = "<group>"; };
		422DCAA1288E10C6001060A0 /* ShowTableViewCell.swift */ = {isa = PBXFileReference; lastKnownFileType = sourcecode.swift; path = ShowTableViewCell.swift; sourceTree = "<group>"; };
		42301C67288708110031A180 /* LoginViewController.swift */ = {isa = PBXFileReference; lastKnownFileType = sourcecode.swift; path = LoginViewController.swift; sourceTree = "<group>"; };
		423C48E428913D14009CD72D /* Assets.xcassets */ = {isa = PBXFileReference; lastKnownFileType = folder.assetcatalog; path = Assets.xcassets; sourceTree = "<group>"; };
		423C48E628913EE3009CD72D /* ReviewDetailsTableViewCell.swift */ = {isa = PBXFileReference; lastKnownFileType = sourcecode.swift; path = ReviewDetailsTableViewCell.swift; sourceTree = "<group>"; };
		423C48E828914303009CD72D /* Review.swift */ = {isa = PBXFileReference; lastKnownFileType = sourcecode.swift; path = Review.swift; sourceTree = "<group>"; };
		4286C2CF288613DD0011D489 /* Login.storyboard */ = {isa = PBXFileReference; lastKnownFileType = file.storyboard; path = Login.storyboard; sourceTree = "<group>"; };
		42C0E0DD2891CEAB0051CEA2 /* RatingView.swift */ = {isa = PBXFileReference; fileEncoding = 4; lastKnownFileType = sourcecode.swift; path = RatingView.swift; sourceTree = "<group>"; };
		42C0E0E02891E7800051CEA2 /* WriteReview.storyboard */ = {isa = PBXFileReference; lastKnownFileType = file.storyboard; path = WriteReview.storyboard; sourceTree = "<group>"; };
		42C0E0E22891E7B00051CEA2 /* WriteReviewViewController.swift */ = {isa = PBXFileReference; lastKnownFileType = sourcecode.swift; path = WriteReviewViewController.swift; sourceTree = "<group>"; };
		42D5BE4E289057FB008F3FF5 /* ShowDetailsViewController.swift */ = {isa = PBXFileReference; lastKnownFileType = sourcecode.swift; path = ShowDetailsViewController.swift; sourceTree = "<group>"; };
		42D5BE5028905816008F3FF5 /* ShowDetails.storyboard */ = {isa = PBXFileReference; lastKnownFileType = file.storyboard; path = ShowDetails.storyboard; sourceTree = "<group>"; };
		42D5BE5428908FCC008F3FF5 /* ShowDetailsTableViewCell.swift */ = {isa = PBXFileReference; lastKnownFileType = sourcecode.swift; path = ShowDetailsTableViewCell.swift; sourceTree = "<group>"; };
		42E56140288D88270074E728 /* User.swift */ = {isa = PBXFileReference; lastKnownFileType = sourcecode.swift; path = User.swift; sourceTree = "<group>"; };
		7C8624659BD1BAC2E991A511 /* Pods-TV Shows.debug.xcconfig */ = {isa = PBXFileReference; includeInIndex = 1; lastKnownFileType = text.xcconfig; name = "Pods-TV Shows.debug.xcconfig"; path = "Target Support Files/Pods-TV Shows/Pods-TV Shows.debug.xcconfig"; sourceTree = "<group>"; };
		98302D4407039777628DF557 /* Pods_TV_Shows.framework */ = {isa = PBXFileReference; explicitFileType = wrapper.framework; includeInIndex = 0; path = Pods_TV_Shows.framework; sourceTree = BUILT_PRODUCTS_DIR; };
		A36D34697412D0FE562BB1AF /* Pods-TV Shows.release.xcconfig */ = {isa = PBXFileReference; includeInIndex = 1; lastKnownFileType = text.xcconfig; name = "Pods-TV Shows.release.xcconfig"; path = "Target Support Files/Pods-TV Shows/Pods-TV Shows.release.xcconfig"; sourceTree = "<group>"; };
/* End PBXFileReference section */

/* Begin PBXFrameworksBuildPhase section */
		4223D8752875F7BF0015CC24 /* Frameworks */ = {
			isa = PBXFrameworksBuildPhase;
			buildActionMask = 2147483647;
			files = (
				0B90910C961C70711948A2C6 /* Pods_TV_Shows.framework in Frameworks */,
			);
			runOnlyForDeploymentPostprocessing = 0;
		};
/* End PBXFrameworksBuildPhase section */

/* Begin PBXGroup section */
		4211375A288EC6CC0016128F /* Login */ = {
			isa = PBXGroup;
			children = (
				4286C2CF288613DD0011D489 /* Login.storyboard */,
				42301C67288708110031A180 /* LoginViewController.swift */,
				42E56140288D88270074E728 /* User.swift */,
			);
			path = Login;
			sourceTree = "<group>";
		};
		4211375B288EC6DE0016128F /* Home */ = {
			isa = PBXGroup;
			children = (
				422DCAA1288E10C6001060A0 /* ShowTableViewCell.swift */,
				422DCA9F288DE620001060A0 /* Show.swift */,
				4214060F2888401E001543B0 /* Home.storyboard */,
				4214060D2888400F001543B0 /* HomeViewController.swift */,
			);
			path = Home;
			sourceTree = "<group>";
		};
		4223D86F2875F7BF0015CC24 = {
			isa = PBXGroup;
			children = (
				42C0E0DF2891D1800051CEA2 /* Review */,
				42D5BE4D289057DB008F3FF5 /* Show Details */,
				4211375B288EC6DE0016128F /* Home */,
				4211375A288EC6CC0016128F /* Login */,
				4223D87A2875F7BF0015CC24 /* TV Shows */,
				4223D8792875F7BF0015CC24 /* Products */,
				EE65D475784466B5F2360F94 /* Pods */,
				D11EA202E9BD9295911DB29B /* Frameworks */,
			);
			sourceTree = "<group>";
		};
		4223D8792875F7BF0015CC24 /* Products */ = {
			isa = PBXGroup;
			children = (
				4223D8782875F7BF0015CC24 /* TV Shows.app */,
			);
			name = Products;
			sourceTree = "<group>";
		};
		4223D87A2875F7BF0015CC24 /* TV Shows */ = {
			isa = PBXGroup;
			children = (
				4223D87B2875F7BF0015CC24 /* AppDelegate.swift */,
				4223D87D2875F7BF0015CC24 /* SceneDelegate.swift */,
				423C48E428913D14009CD72D /* Assets.xcassets */,
				4223D8862875F7C30015CC24 /* LaunchScreen.storyboard */,
				4223D8892875F7C30015CC24 /* Info.plist */,
			);
			path = "TV Shows";
			sourceTree = "<group>";
		};
		42C0E0DF2891D1800051CEA2 /* Review */ = {
			isa = PBXGroup;
			children = (
				42C0E0DD2891CEAB0051CEA2 /* RatingView.swift */,
				42C0E0E02891E7800051CEA2 /* WriteReview.storyboard */,
				42C0E0E22891E7B00051CEA2 /* WriteReviewViewController.swift */,
			);
			path = Review;
			sourceTree = "<group>";
		};
		42D5BE4D289057DB008F3FF5 /* Show Details */ = {
			isa = PBXGroup;
			children = (
				42D5BE4E289057FB008F3FF5 /* ShowDetailsViewController.swift */,
				42D5BE5028905816008F3FF5 /* ShowDetails.storyboard */,
				42D5BE5428908FCC008F3FF5 /* ShowDetailsTableViewCell.swift */,
				423C48E628913EE3009CD72D /* ReviewDetailsTableViewCell.swift */,
				423C48E828914303009CD72D /* Review.swift */,
			);
			path = "Show Details";
			sourceTree = "<group>";
		};
		D11EA202E9BD9295911DB29B /* Frameworks */ = {
			isa = PBXGroup;
			children = (
				98302D4407039777628DF557 /* Pods_TV_Shows.framework */,
			);
			name = Frameworks;
			sourceTree = "<group>";
		};
		EE65D475784466B5F2360F94 /* Pods */ = {
			isa = PBXGroup;
			children = (
				7C8624659BD1BAC2E991A511 /* Pods-TV Shows.debug.xcconfig */,
				A36D34697412D0FE562BB1AF /* Pods-TV Shows.release.xcconfig */,
			);
			path = Pods;
			sourceTree = "<group>";
		};
/* End PBXGroup section */

/* Begin PBXNativeTarget section */
		4223D8772875F7BF0015CC24 /* TV Shows */ = {
			isa = PBXNativeTarget;
			buildConfigurationList = 4223D88C2875F7C30015CC24 /* Build configuration list for PBXNativeTarget "TV Shows" */;
			buildPhases = (
				18ADA25797D151281263F77A /* [CP] Check Pods Manifest.lock */,
				4223D8742875F7BF0015CC24 /* Sources */,
				4223D8752875F7BF0015CC24 /* Frameworks */,
				4223D8762875F7BF0015CC24 /* Resources */,
				1BD0608916B9F710B06B0076 /* [CP] Embed Pods Frameworks */,
			);
			buildRules = (
			);
			dependencies = (
			);
			name = "TV Shows";
			productName = "TV Shows";
			productReference = 4223D8782875F7BF0015CC24 /* TV Shows.app */;
			productType = "com.apple.product-type.application";
		};
/* End PBXNativeTarget section */

/* Begin PBXProject section */
		4223D8702875F7BF0015CC24 /* Project object */ = {
			isa = PBXProject;
			attributes = {
				BuildIndependentTargetsInParallel = 1;
				LastSwiftUpdateCheck = 1340;
				LastUpgradeCheck = 1340;
				TargetAttributes = {
					4223D8772875F7BF0015CC24 = {
						CreatedOnToolsVersion = 13.4.1;
					};
				};
			};
			buildConfigurationList = 4223D8732875F7BF0015CC24 /* Build configuration list for PBXProject "TV Shows" */;
			compatibilityVersion = "Xcode 13.0";
			developmentRegion = en;
			hasScannedForEncodings = 0;
			knownRegions = (
				en,
				Base,
			);
			mainGroup = 4223D86F2875F7BF0015CC24;
			productRefGroup = 4223D8792875F7BF0015CC24 /* Products */;
			projectDirPath = "";
			projectRoot = "";
			targets = (
				4223D8772875F7BF0015CC24 /* TV Shows */,
			);
		};
/* End PBXProject section */

/* Begin PBXResourcesBuildPhase section */
		4223D8762875F7BF0015CC24 /* Resources */ = {
			isa = PBXResourcesBuildPhase;
			buildActionMask = 2147483647;
			files = (
				42C0E0E12891E7800051CEA2 /* WriteReview.storyboard in Resources */,
				4223D8882875F7C30015CC24 /* LaunchScreen.storyboard in Resources */,
				4286C2D0288613DD0011D489 /* Login.storyboard in Resources */,
				42D5BE5128905816008F3FF5 /* ShowDetails.storyboard in Resources */,
				421406102888401E001543B0 /* Home.storyboard in Resources */,
				423C48E528913D14009CD72D /* Assets.xcassets in Resources */,
			);
			runOnlyForDeploymentPostprocessing = 0;
		};
/* End PBXResourcesBuildPhase section */

/* Begin PBXShellScriptBuildPhase section */
		18ADA25797D151281263F77A /* [CP] Check Pods Manifest.lock */ = {
			isa = PBXShellScriptBuildPhase;
			buildActionMask = 2147483647;
			files = (
			);
			inputFileListPaths = (
			);
			inputPaths = (
				"${PODS_PODFILE_DIR_PATH}/Podfile.lock",
				"${PODS_ROOT}/Manifest.lock",
			);
			name = "[CP] Check Pods Manifest.lock";
			outputFileListPaths = (
			);
			outputPaths = (
				"$(DERIVED_FILE_DIR)/Pods-TV Shows-checkManifestLockResult.txt",
			);
			runOnlyForDeploymentPostprocessing = 0;
			shellPath = /bin/sh;
			shellScript = "diff \"${PODS_PODFILE_DIR_PATH}/Podfile.lock\" \"${PODS_ROOT}/Manifest.lock\" > /dev/null\nif [ $? != 0 ] ; then\n    # print error to STDERR\n    echo \"error: The sandbox is not in sync with the Podfile.lock. Run 'pod install' or update your CocoaPods installation.\" >&2\n    exit 1\nfi\n# This output is used by Xcode 'outputs' to avoid re-running this script phase.\necho \"SUCCESS\" > \"${SCRIPT_OUTPUT_FILE_0}\"\n";
			showEnvVarsInLog = 0;
		};
		1BD0608916B9F710B06B0076 /* [CP] Embed Pods Frameworks */ = {
			isa = PBXShellScriptBuildPhase;
			buildActionMask = 2147483647;
			files = (
			);
			inputFileListPaths = (
				"${PODS_ROOT}/Target Support Files/Pods-TV Shows/Pods-TV Shows-frameworks-${CONFIGURATION}-input-files.xcfilelist",
			);
			name = "[CP] Embed Pods Frameworks";
			outputFileListPaths = (
				"${PODS_ROOT}/Target Support Files/Pods-TV Shows/Pods-TV Shows-frameworks-${CONFIGURATION}-output-files.xcfilelist",
			);
			runOnlyForDeploymentPostprocessing = 0;
			shellPath = /bin/sh;
			shellScript = "\"${PODS_ROOT}/Target Support Files/Pods-TV Shows/Pods-TV Shows-frameworks.sh\"\n";
			showEnvVarsInLog = 0;
		};
/* End PBXShellScriptBuildPhase section */

/* Begin PBXSourcesBuildPhase section */
		4223D8742875F7BF0015CC24 /* Sources */ = {
			isa = PBXSourcesBuildPhase;
			buildActionMask = 2147483647;
			files = (
				42D5BE4F289057FB008F3FF5 /* ShowDetailsViewController.swift in Sources */,
				42C0E0E32891E7B00051CEA2 /* WriteReviewViewController.swift in Sources */,
				422DCAA0288DE620001060A0 /* Show.swift in Sources */,
				423C48E728913EE3009CD72D /* ReviewDetailsTableViewCell.swift in Sources */,
				42C0E0DE2891CEAB0051CEA2 /* RatingView.swift in Sources */,
				42D5BE5528908FCC008F3FF5 /* ShowDetailsTableViewCell.swift in Sources */,
				42301C68288708110031A180 /* LoginViewController.swift in Sources */,
				422DCAA2288E10C6001060A0 /* ShowTableViewCell.swift in Sources */,
				423C48E928914303009CD72D /* Review.swift in Sources */,
				4223D87C2875F7BF0015CC24 /* AppDelegate.swift in Sources */,
				4223D87E2875F7BF0015CC24 /* SceneDelegate.swift in Sources */,
				42E56141288D88270074E728 /* User.swift in Sources */,
				4214060E2888400F001543B0 /* HomeViewController.swift in Sources */,
			);
			runOnlyForDeploymentPostprocessing = 0;
		};
/* End PBXSourcesBuildPhase section */

/* Begin PBXVariantGroup section */
		4223D8862875F7C30015CC24 /* LaunchScreen.storyboard */ = {
			isa = PBXVariantGroup;
			children = (
				4223D8872875F7C30015CC24 /* Base */,
			);
			name = LaunchScreen.storyboard;
			sourceTree = "<group>";
		};
/* End PBXVariantGroup section */

/* Begin XCBuildConfiguration section */
		4223D88A2875F7C30015CC24 /* Debug */ = {
			isa = XCBuildConfiguration;
			buildSettings = {
				ALWAYS_SEARCH_USER_PATHS = NO;
				CLANG_ANALYZER_NONNULL = YES;
				CLANG_ANALYZER_NUMBER_OBJECT_CONVERSION = YES_AGGRESSIVE;
				CLANG_CXX_LANGUAGE_STANDARD = "gnu++17";
				CLANG_ENABLE_MODULES = YES;
				CLANG_ENABLE_OBJC_ARC = YES;
				CLANG_ENABLE_OBJC_WEAK = YES;
				CLANG_WARN_BLOCK_CAPTURE_AUTORELEASING = YES;
				CLANG_WARN_BOOL_CONVERSION = YES;
				CLANG_WARN_COMMA = YES;
				CLANG_WARN_CONSTANT_CONVERSION = YES;
				CLANG_WARN_DEPRECATED_OBJC_IMPLEMENTATIONS = YES;
				CLANG_WARN_DIRECT_OBJC_ISA_USAGE = YES_ERROR;
				CLANG_WARN_DOCUMENTATION_COMMENTS = YES;
				CLANG_WARN_EMPTY_BODY = YES;
				CLANG_WARN_ENUM_CONVERSION = YES;
				CLANG_WARN_INFINITE_RECURSION = YES;
				CLANG_WARN_INT_CONVERSION = YES;
				CLANG_WARN_NON_LITERAL_NULL_CONVERSION = YES;
				CLANG_WARN_OBJC_IMPLICIT_RETAIN_SELF = YES;
				CLANG_WARN_OBJC_LITERAL_CONVERSION = YES;
				CLANG_WARN_OBJC_ROOT_CLASS = YES_ERROR;
				CLANG_WARN_QUOTED_INCLUDE_IN_FRAMEWORK_HEADER = YES;
				CLANG_WARN_RANGE_LOOP_ANALYSIS = YES;
				CLANG_WARN_STRICT_PROTOTYPES = YES;
				CLANG_WARN_SUSPICIOUS_MOVE = YES;
				CLANG_WARN_UNGUARDED_AVAILABILITY = YES_AGGRESSIVE;
				CLANG_WARN_UNREACHABLE_CODE = YES;
				CLANG_WARN__DUPLICATE_METHOD_MATCH = YES;
				COPY_PHASE_STRIP = NO;
				DEBUG_INFORMATION_FORMAT = dwarf;
				ENABLE_STRICT_OBJC_MSGSEND = YES;
				ENABLE_TESTABILITY = YES;
				GCC_C_LANGUAGE_STANDARD = gnu11;
				GCC_DYNAMIC_NO_PIC = NO;
				GCC_NO_COMMON_BLOCKS = YES;
				GCC_OPTIMIZATION_LEVEL = 0;
				GCC_PREPROCESSOR_DEFINITIONS = (
					"DEBUG=1",
					"$(inherited)",
				);
				GCC_WARN_64_TO_32_BIT_CONVERSION = YES;
				GCC_WARN_ABOUT_RETURN_TYPE = YES_ERROR;
				GCC_WARN_UNDECLARED_SELECTOR = YES;
				GCC_WARN_UNINITIALIZED_AUTOS = YES_AGGRESSIVE;
				GCC_WARN_UNUSED_FUNCTION = YES;
				GCC_WARN_UNUSED_VARIABLE = YES;
				IPHONEOS_DEPLOYMENT_TARGET = 15.5;
				MTL_ENABLE_DEBUG_INFO = INCLUDE_SOURCE;
				MTL_FAST_MATH = YES;
				ONLY_ACTIVE_ARCH = YES;
				SDKROOT = iphoneos;
				SWIFT_ACTIVE_COMPILATION_CONDITIONS = DEBUG;
				SWIFT_OPTIMIZATION_LEVEL = "-Onone";
			};
			name = Debug;
		};
		4223D88B2875F7C30015CC24 /* Release */ = {
			isa = XCBuildConfiguration;
			buildSettings = {
				ALWAYS_SEARCH_USER_PATHS = NO;
				CLANG_ANALYZER_NONNULL = YES;
				CLANG_ANALYZER_NUMBER_OBJECT_CONVERSION = YES_AGGRESSIVE;
				CLANG_CXX_LANGUAGE_STANDARD = "gnu++17";
				CLANG_ENABLE_MODULES = YES;
				CLANG_ENABLE_OBJC_ARC = YES;
				CLANG_ENABLE_OBJC_WEAK = YES;
				CLANG_WARN_BLOCK_CAPTURE_AUTORELEASING = YES;
				CLANG_WARN_BOOL_CONVERSION = YES;
				CLANG_WARN_COMMA = YES;
				CLANG_WARN_CONSTANT_CONVERSION = YES;
				CLANG_WARN_DEPRECATED_OBJC_IMPLEMENTATIONS = YES;
				CLANG_WARN_DIRECT_OBJC_ISA_USAGE = YES_ERROR;
				CLANG_WARN_DOCUMENTATION_COMMENTS = YES;
				CLANG_WARN_EMPTY_BODY = YES;
				CLANG_WARN_ENUM_CONVERSION = YES;
				CLANG_WARN_INFINITE_RECURSION = YES;
				CLANG_WARN_INT_CONVERSION = YES;
				CLANG_WARN_NON_LITERAL_NULL_CONVERSION = YES;
				CLANG_WARN_OBJC_IMPLICIT_RETAIN_SELF = YES;
				CLANG_WARN_OBJC_LITERAL_CONVERSION = YES;
				CLANG_WARN_OBJC_ROOT_CLASS = YES_ERROR;
				CLANG_WARN_QUOTED_INCLUDE_IN_FRAMEWORK_HEADER = YES;
				CLANG_WARN_RANGE_LOOP_ANALYSIS = YES;
				CLANG_WARN_STRICT_PROTOTYPES = YES;
				CLANG_WARN_SUSPICIOUS_MOVE = YES;
				CLANG_WARN_UNGUARDED_AVAILABILITY = YES_AGGRESSIVE;
				CLANG_WARN_UNREACHABLE_CODE = YES;
				CLANG_WARN__DUPLICATE_METHOD_MATCH = YES;
				COPY_PHASE_STRIP = NO;
				DEBUG_INFORMATION_FORMAT = "dwarf-with-dsym";
				ENABLE_NS_ASSERTIONS = NO;
				ENABLE_STRICT_OBJC_MSGSEND = YES;
				GCC_C_LANGUAGE_STANDARD = gnu11;
				GCC_NO_COMMON_BLOCKS = YES;
				GCC_WARN_64_TO_32_BIT_CONVERSION = YES;
				GCC_WARN_ABOUT_RETURN_TYPE = YES_ERROR;
				GCC_WARN_UNDECLARED_SELECTOR = YES;
				GCC_WARN_UNINITIALIZED_AUTOS = YES_AGGRESSIVE;
				GCC_WARN_UNUSED_FUNCTION = YES;
				GCC_WARN_UNUSED_VARIABLE = YES;
				IPHONEOS_DEPLOYMENT_TARGET = 15.5;
				MTL_ENABLE_DEBUG_INFO = NO;
				MTL_FAST_MATH = YES;
				SDKROOT = iphoneos;
				SWIFT_COMPILATION_MODE = wholemodule;
				SWIFT_OPTIMIZATION_LEVEL = "-O";
				VALIDATE_PRODUCT = YES;
			};
			name = Release;
		};
		4223D88D2875F7C30015CC24 /* Debug */ = {
			isa = XCBuildConfiguration;
			baseConfigurationReference = 7C8624659BD1BAC2E991A511 /* Pods-TV Shows.debug.xcconfig */;
			buildSettings = {
				ASSETCATALOG_COMPILER_APPICON_NAME = AppIcon;
				ASSETCATALOG_COMPILER_GLOBAL_ACCENT_COLOR_NAME = AccentColor;
				CODE_SIGN_STYLE = Automatic;
				CURRENT_PROJECT_VERSION = 1;
				GENERATE_INFOPLIST_FILE = YES;
				INFOPLIST_FILE = "TV Shows/Info.plist";
				INFOPLIST_KEY_UIApplicationSupportsIndirectInputEvents = YES;
				INFOPLIST_KEY_UILaunchStoryboardName = LaunchScreen;
				INFOPLIST_KEY_UIMainStoryboardFile = Login;
				INFOPLIST_KEY_UISupportedInterfaceOrientations = UIInterfaceOrientationPortrait;
				INFOPLIST_KEY_UISupportedInterfaceOrientations_iPad = "UIInterfaceOrientationPortrait UIInterfaceOrientationPortraitUpsideDown UIInterfaceOrientationLandscapeLeft UIInterfaceOrientationLandscapeRight";
				INFOPLIST_KEY_UISupportedInterfaceOrientations_iPhone = "UIInterfaceOrientationPortrait UIInterfaceOrientationLandscapeLeft UIInterfaceOrientationLandscapeRight";
				INFOPLIST_KEY_UIUserInterfaceStyle = Light;
				LD_RUNPATH_SEARCH_PATHS = (
					"$(inherited)",
					"@executable_path/Frameworks",
				);
				MARKETING_VERSION = 1.0;
				PRODUCT_BUNDLE_IDENTIFIER = "com.infinum.irajic.TV-Shows";
				PRODUCT_NAME = "$(TARGET_NAME)";
				SWIFT_EMIT_LOC_STRINGS = YES;
				SWIFT_VERSION = 5.0;
				TARGETED_DEVICE_FAMILY = "1,2";
			};
			name = Debug;
		};
		4223D88E2875F7C30015CC24 /* Release */ = {
			isa = XCBuildConfiguration;
			baseConfigurationReference = A36D34697412D0FE562BB1AF /* Pods-TV Shows.release.xcconfig */;
			buildSettings = {
				ASSETCATALOG_COMPILER_APPICON_NAME = AppIcon;
				ASSETCATALOG_COMPILER_GLOBAL_ACCENT_COLOR_NAME = AccentColor;
				CODE_SIGN_STYLE = Automatic;
				CURRENT_PROJECT_VERSION = 1;
				GENERATE_INFOPLIST_FILE = YES;
				INFOPLIST_FILE = "TV Shows/Info.plist";
				INFOPLIST_KEY_UIApplicationSupportsIndirectInputEvents = YES;
				INFOPLIST_KEY_UILaunchStoryboardName = LaunchScreen;
				INFOPLIST_KEY_UIMainStoryboardFile = Login;
				INFOPLIST_KEY_UISupportedInterfaceOrientations = UIInterfaceOrientationPortrait;
				INFOPLIST_KEY_UISupportedInterfaceOrientations_iPad = "UIInterfaceOrientationPortrait UIInterfaceOrientationPortraitUpsideDown UIInterfaceOrientationLandscapeLeft UIInterfaceOrientationLandscapeRight";
				INFOPLIST_KEY_UISupportedInterfaceOrientations_iPhone = "UIInterfaceOrientationPortrait UIInterfaceOrientationLandscapeLeft UIInterfaceOrientationLandscapeRight";
				INFOPLIST_KEY_UIUserInterfaceStyle = Light;
				LD_RUNPATH_SEARCH_PATHS = (
					"$(inherited)",
					"@executable_path/Frameworks",
				);
				MARKETING_VERSION = 1.0;
				PRODUCT_BUNDLE_IDENTIFIER = "com.infinum.irajic.TV-Shows";
				PRODUCT_NAME = "$(TARGET_NAME)";
				SWIFT_EMIT_LOC_STRINGS = YES;
				SWIFT_VERSION = 5.0;
				TARGETED_DEVICE_FAMILY = "1,2";
			};
			name = Release;
		};
/* End XCBuildConfiguration section */

/* Begin XCConfigurationList section */
		4223D8732875F7BF0015CC24 /* Build configuration list for PBXProject "TV Shows" */ = {
			isa = XCConfigurationList;
			buildConfigurations = (
				4223D88A2875F7C30015CC24 /* Debug */,
				4223D88B2875F7C30015CC24 /* Release */,
			);
			defaultConfigurationIsVisible = 0;
			defaultConfigurationName = Release;
		};
		4223D88C2875F7C30015CC24 /* Build configuration list for PBXNativeTarget "TV Shows" */ = {
			isa = XCConfigurationList;
			buildConfigurations = (
				4223D88D2875F7C30015CC24 /* Debug */,
				4223D88E2875F7C30015CC24 /* Release */,
			);
			defaultConfigurationIsVisible = 0;
			defaultConfigurationName = Release;
		};
/* End XCConfigurationList section */
	};
	rootObject = 4223D8702875F7BF0015CC24 /* Project object */;
}
